
Microsoft Visual Studio Solution File, Format Version 12.00
# Visual Studio Version 17
VisualStudioVersion = 17.14.36429.23 d17.14
MinimumVisualStudioVersion = 10.0.40219.1
Project("{FAE04EC0-301F-11D3-BF4B-00C04F79EFBC}") = "QuizHubApi", "QuizHubApi\QuizHubApi.csproj", "{179A46A0-8717-4F48-8D8C-C001348EBE7E}"
EndProject
Project("{FAE04EC0-301F-11D3-BF4B-00C04F79EFBC}") = "QuizHubDomain", "QuizHubDomain\QuizHubDomain.csproj", "{BC3C4341-AEB2-4AAD-AB5F-ED3A0F335951}"
EndProject
Project("{FAE04EC0-301F-11D3-BF4B-00C04F79EFBC}") = "QuizHubApplication", "QuizHubApplication\QuizHubApplication.csproj", "{A23D33F3-4DE1-4AC4-8699-47460F596529}"
EndProject
Project("{FAE04EC0-301F-11D3-BF4B-00C04F79EFBC}") = "QuizHubInfrastructure", "QuizHubInfrastructure\QuizHubInfrastructure.csproj", "{FC10E001-57B0-4C59-8D9F-48033814B3EA}"
EndProject
Global
	GlobalSection(SolutionConfigurationPlatforms) = preSolution
		Debug|Any CPU = Debug|Any CPU
		Release|Any CPU = Release|Any CPU
	EndGlobalSection
	GlobalSection(ProjectConfigurationPlatforms) = postSolution
		{179A46A0-8717-4F48-8D8C-C001348EBE7E}.Debug|Any CPU.ActiveCfg = Debug|Any CPU
		{179A46A0-8717-4F48-8D8C-C001348EBE7E}.Debug|Any CPU.Build.0 = Debug|Any CPU
		{179A46A0-8717-4F48-8D8C-C001348EBE7E}.Release|Any CPU.ActiveCfg = Release|Any CPU
		{179A46A0-8717-4F48-8D8C-C001348EBE7E}.Release|Any CPU.Build.0 = Release|Any CPU
		{BC3C4341-AEB2-4AAD-AB5F-ED3A0F335951}.Debug|Any CPU.ActiveCfg = Debug|Any CPU
		{BC3C4341-AEB2-4AAD-AB5F-ED3A0F335951}.Debug|Any CPU.Build.0 = Debug|Any CPU
		{BC3C4341-AEB2-4AAD-AB5F-ED3A0F335951}.Release|Any CPU.ActiveCfg = Release|Any CPU
		{BC3C4341-AEB2-4AAD-AB5F-ED3A0F335951}.Release|Any CPU.Build.0 = Release|Any CPU
		{A23D33F3-4DE1-4AC4-8699-47460F596529}.Debug|Any CPU.ActiveCfg = Debug|Any CPU
		{A23D33F3-4DE1-4AC4-8699-47460F596529}.Debug|Any CPU.Build.0 = Debug|Any CPU
		{A23D33F3-4DE1-4AC4-8699-47460F596529}.Release|Any CPU.ActiveCfg = Release|Any CPU
		{A23D33F3-4DE1-4AC4-8699-47460F596529}.Release|Any CPU.Build.0 = Release|Any CPU
		{FC10E001-57B0-4C59-8D9F-48033814B3EA}.Debug|Any CPU.ActiveCfg = Debug|Any CPU
		{FC10E001-57B0-4C59-8D9F-48033814B3EA}.Debug|Any CPU.Build.0 = Debug|Any CPU
		{FC10E001-57B0-4C59-8D9F-48033814B3EA}.Release|Any CPU.ActiveCfg = Release|Any CPU
		{FC10E001-57B0-4C59-8D9F-48033814B3EA}.Release|Any CPU.Build.0 = Release|Any CPU
	EndGlobalSection
	GlobalSection(SolutionProperties) = preSolution
		HideSolutionNode = FALSE
	EndGlobalSection
	GlobalSection(ExtensibilityGlobals) = postSolution
		SolutionGuid = {226EFCD2-20F9-4439-A771-4ADFC6CC8B2B}
	EndGlobalSection
EndGlobal
